// !$*UTF8*$!
{
	archiveVersion = 1;
	classes = {
	};
	objectVersion = 48;
	objects = {

/* Begin PBXBuildFile section */
		516F71F92043592900453485 /* DataManager.swift in Sources */ = {isa = PBXBuildFile; fileRef = 516F71F52043592900453485 /* DataManager.swift */; };
		516F71FA2043592900453485 /* EmployeeList.xcdatamodeld in Sources */ = {isa = PBXBuildFile; fileRef = 516F71F62043592900453485 /* EmployeeList.xcdatamodeld */; };
		516F71FB2043592900453485 /* CoreDataStack.swift in Sources */ = {isa = PBXBuildFile; fileRef = 516F71F82043592900453485 /* CoreDataStack.swift */; };
		516F72022043599700453485 /* Employee+CoreDataClass.swift in Sources */ = {isa = PBXBuildFile; fileRef = 516F71FC2043599700453485 /* Employee+CoreDataClass.swift */; };
		516F72032043599700453485 /* Employee+CoreDataProperties.swift in Sources */ = {isa = PBXBuildFile; fileRef = 516F71FD2043599700453485 /* Employee+CoreDataProperties.swift */; };
		516F72042043599700453485 /* Person+CoreDataClass.swift in Sources */ = {isa = PBXBuildFile; fileRef = 516F71FE2043599700453485 /* Person+CoreDataClass.swift */; };
		516F72052043599700453485 /* Person+CoreDataProperties.swift in Sources */ = {isa = PBXBuildFile; fileRef = 516F71FF2043599700453485 /* Person+CoreDataProperties.swift */; };
		516F72062043599700453485 /* Department+CoreDataClass.swift in Sources */ = {isa = PBXBuildFile; fileRef = 516F72002043599700453485 /* Department+CoreDataClass.swift */; };
		516F72072043599700453485 /* Department+CoreDataProperties.swift in Sources */ = {isa = PBXBuildFile; fileRef = 516F72012043599700453485 /* Department+CoreDataProperties.swift */; };
		51B8542820433E390088AFD0 /* AppDelegate.swift in Sources */ = {isa = PBXBuildFile; fileRef = 51B8542720433E390088AFD0 /* AppDelegate.swift */; };
		51B8542D20433E390088AFD0 /* Main.storyboard in Resources */ = {isa = PBXBuildFile; fileRef = 51B8542B20433E390088AFD0 /* Main.storyboard */; };
		51B8542F20433E390088AFD0 /* Assets.xcassets in Resources */ = {isa = PBXBuildFile; fileRef = 51B8542E20433E390088AFD0 /* Assets.xcassets */; };
		51B8543220433E390088AFD0 /* LaunchScreen.storyboard in Resources */ = {isa = PBXBuildFile; fileRef = 51B8543020433E390088AFD0 /* LaunchScreen.storyboard */; };
		51B8543B2043426D0088AFD0 /* MyTableViewCell.swift in Sources */ = {isa = PBXBuildFile; fileRef = 51B854392043426D0088AFD0 /* MyTableViewCell.swift */; };
		51B8543E204343CF0088AFD0 /* FilterViewController.swift in Sources */ = {isa = PBXBuildFile; fileRef = 51B8543D204343CF0088AFD0 /* FilterViewController.swift */; };
		51B85440204343E20088AFD0 /* DisplayViewController.swift in Sources */ = {isa = PBXBuildFile; fileRef = 51B8543F204343E20088AFD0 /* DisplayViewController.swift */; };
/* End PBXBuildFile section */

/* Begin PBXFileReference section */
		516F71F52043592900453485 /* DataManager.swift */ = {isa = PBXFileReference; fileEncoding = 4; lastKnownFileType = sourcecode.swift; path = DataManager.swift; sourceTree = "<group>"; };
		516F71F72043592900453485 /* EmployeeList.xcdatamodel */ = {isa = PBXFileReference; lastKnownFileType = wrapper.xcdatamodel; path = EmployeeList.xcdatamodel; sourceTree = "<group>"; };
		516F71F82043592900453485 /* CoreDataStack.swift */ = {isa = PBXFileReference; fileEncoding = 4; lastKnownFileType = sourcecode.swift; path = CoreDataStack.swift; sourceTree = "<group>"; };
		516F71FC2043599700453485 /* Employee+CoreDataClass.swift */ = {isa = PBXFileReference; lastKnownFileType = sourcecode.swift; path = "Employee+CoreDataClass.swift"; sourceTree = "<group>"; };
		516F71FD2043599700453485 /* Employee+CoreDataProperties.swift */ = {isa = PBXFileReference; lastKnownFileType = sourcecode.swift; path = "Employee+CoreDataProperties.swift"; sourceTree = "<group>"; };
		516F71FE2043599700453485 /* Person+CoreDataClass.swift */ = {isa = PBXFileReference; lastKnownFileType = sourcecode.swift; path = "Person+CoreDataClass.swift"; sourceTree = "<group>"; };
		516F71FF2043599700453485 /* Person+CoreDataProperties.swift */ = {isa = PBXFileReference; lastKnownFileType = sourcecode.swift; path = "Person+CoreDataProperties.swift"; sourceTree = "<group>"; };
		516F72002043599700453485 /* Department+CoreDataClass.swift */ = {isa = PBXFileReference; lastKnownFileType = sourcecode.swift; path = "Department+CoreDataClass.swift"; sourceTree = "<group>"; };
		516F72012043599700453485 /* Department+CoreDataProperties.swift */ = {isa = PBXFileReference; lastKnownFileType = sourcecode.swift; path = "Department+CoreDataProperties.swift"; sourceTree = "<group>"; };
		51B8542420433E390088AFD0 /* FetchingFilteredEmployees.app */ = {isa = PBXFileReference; explicitFileType = wrapper.application; includeInIndex = 0; path = FetchingFilteredEmployees.app; sourceTree = BUILT_PRODUCTS_DIR; };
		51B8542720433E390088AFD0 /* AppDelegate.swift */ = {isa = PBXFileReference; lastKnownFileType = sourcecode.swift; path = AppDelegate.swift; sourceTree = "<group>"; };
		51B8542C20433E390088AFD0 /* Base */ = {isa = PBXFileReference; lastKnownFileType = file.storyboard; name = Base; path = Base.lproj/Main.storyboard; sourceTree = "<group>"; };
		51B8542E20433E390088AFD0 /* Assets.xcassets */ = {isa = PBXFileReference; lastKnownFileType = folder.assetcatalog; path = Assets.xcassets; sourceTree = "<group>"; };
		51B8543120433E390088AFD0 /* Base */ = {isa = PBXFileReference; lastKnownFileType = file.storyboard; name = Base; path = Base.lproj/LaunchScreen.storyboard; sourceTree = "<group>"; };
		51B8543320433E390088AFD0 /* Info.plist */ = {isa = PBXFileReference; lastKnownFileType = text.plist.xml; path = Info.plist; sourceTree = "<group>"; };
		51B854392043426D0088AFD0 /* MyTableViewCell.swift */ = {isa = PBXFileReference; lastKnownFileType = sourcecode.swift; path = MyTableViewCell.swift; sourceTree = "<group>"; };
		51B8543D204343CF0088AFD0 /* FilterViewController.swift */ = {isa = PBXFileReference; lastKnownFileType = sourcecode.swift; path = FilterViewController.swift; sourceTree = "<group>"; };
		51B8543F204343E20088AFD0 /* DisplayViewController.swift */ = {isa = PBXFileReference; lastKnownFileType = sourcecode.swift; path = DisplayViewController.swift; sourceTree = "<group>"; };
/* End PBXFileReference section */

/* Begin PBXFrameworksBuildPhase section */
		51B8542120433E390088AFD0 /* Frameworks */ = {
			isa = PBXFrameworksBuildPhase;
			buildActionMask = 2147483647;
			files = (
			);
			runOnlyForDeploymentPostprocessing = 0;
		};
/* End PBXFrameworksBuildPhase section */

/* Begin PBXGroup section */
		51B8541B20433E390088AFD0 = {
			isa = PBXGroup;
			children = (
				51B8542620433E390088AFD0 /* FetchingFilteredEmployees */,
				51B8542520433E390088AFD0 /* Products */,
			);
			sourceTree = "<group>";
		};
		51B8542520433E390088AFD0 /* Products */ = {
			isa = PBXGroup;
			children = (
				51B8542420433E390088AFD0 /* FetchingFilteredEmployees.app */,
			);
			name = Products;
			sourceTree = "<group>";
		};
		51B8542620433E390088AFD0 /* FetchingFilteredEmployees */ = {
			isa = PBXGroup;
			children = (
				51B8542720433E390088AFD0 /* AppDelegate.swift */,
				516F71F82043592900453485 /* CoreDataStack.swift */,
				516F71F52043592900453485 /* DataManager.swift */,
				51B8543D204343CF0088AFD0 /* FilterViewController.swift */,
				51B8543F204343E20088AFD0 /* DisplayViewController.swift */,
				51B854392043426D0088AFD0 /* MyTableViewCell.swift */,
				51B8542B20433E390088AFD0 /* Main.storyboard */,
				516F71F62043592900453485 /* EmployeeList.xcdatamodeld */,
				516F71FC2043599700453485 /* Employee+CoreDataClass.swift */,
				516F71FD2043599700453485 /* Employee+CoreDataProperties.swift */,
				516F71FE2043599700453485 /* Person+CoreDataClass.swift */,
				516F71FF2043599700453485 /* Person+CoreDataProperties.swift */,
				516F72002043599700453485 /* Department+CoreDataClass.swift */,
				516F72012043599700453485 /* Department+CoreDataProperties.swift */,
				51B8542E20433E390088AFD0 /* Assets.xcassets */,
				51B8543020433E390088AFD0 /* LaunchScreen.storyboard */,
				51B8543320433E390088AFD0 /* Info.plist */,
			);
			path = FetchingFilteredEmployees;
			sourceTree = "<group>";
		};
/* End PBXGroup section */

/* Begin PBXNativeTarget section */
		51B8542320433E390088AFD0 /* FetchingFilteredEmployees */ = {
			isa = PBXNativeTarget;
			buildConfigurationList = 51B8543620433E390088AFD0 /* Build configuration list for PBXNativeTarget "FetchingFilteredEmployees" */;
			buildPhases = (
				51B8542020433E390088AFD0 /* Sources */,
				51B8542120433E390088AFD0 /* Frameworks */,
				51B8542220433E390088AFD0 /* Resources */,
			);
			buildRules = (
			);
			dependencies = (
			);
			name = FetchingFilteredEmployees;
			productName = FetchingFilteredEmployees;
			productReference = 51B8542420433E390088AFD0 /* FetchingFilteredEmployees.app */;
			productType = "com.apple.product-type.application";
		};
/* End PBXNativeTarget section */

/* Begin PBXProject section */
		51B8541C20433E390088AFD0 /* Project object */ = {
			isa = PBXProject;
			attributes = {
				LastSwiftUpdateCheck = 0920;
				LastUpgradeCheck = 0920;
				ORGANIZATIONNAME = "Mazharul Huq";
				TargetAttributes = {
					51B8542320433E390088AFD0 = {
						CreatedOnToolsVersion = 9.2;
						ProvisioningStyle = Automatic;
					};
				};
			};
			buildConfigurationList = 51B8541F20433E390088AFD0 /* Build configuration list for PBXProject "FetchingFilteredEmployees" */;
			compatibilityVersion = "Xcode 8.0";
			developmentRegion = en;
			hasScannedForEncodings = 0;
			knownRegions = (
				en,
				Base,
			);
			mainGroup = 51B8541B20433E390088AFD0;
			productRefGroup = 51B8542520433E390088AFD0 /* Products */;
			projectDirPath = "";
			projectRoot = "";
			targets = (
				51B8542320433E390088AFD0 /* FetchingFilteredEmployees */,
			);
		};
/* End PBXProject section */

/* Begin PBXResourcesBuildPhase section */
		51B8542220433E390088AFD0 /* Resources */ = {
			isa = PBXResourcesBuildPhase;
			buildActionMask = 2147483647;
			files = (
				51B8543220433E390088AFD0 /* LaunchScreen.storyboard in Resources */,
				51B8542F20433E390088AFD0 /* Assets.xcassets in Resources */,
				51B8542D20433E390088AFD0 /* Main.storyboard in Resources */,
			);
			runOnlyForDeploymentPostprocessing = 0;
		};
/* End PBXResourcesBuildPhase section */

/* Begin PBXSourcesBuildPhase section */
		51B8542020433E390088AFD0 /* Sources */ = {
			isa = PBXSourcesBuildPhase;
			buildActionMask = 2147483647;
			files = (
				516F72072043599700453485 /* Department+CoreDataProperties.swift in Sources */,
				516F71FB2043592900453485 /* CoreDataStack.swift in Sources */,
				516F72032043599700453485 /* Employee+CoreDataProperties.swift in Sources */,
				516F72042043599700453485 /* Person+CoreDataClass.swift in Sources */,
				51B8543E204343CF0088AFD0 /* FilterViewController.swift in Sources */,
				516F71FA2043592900453485 /* EmployeeList.xcdatamodeld in Sources */,
				516F72022043599700453485 /* Employee+CoreDataClass.swift in Sources */,
				516F71F92043592900453485 /* DataManager.swift in Sources */,
				51B8542820433E390088AFD0 /* AppDelegate.swift in Sources */,
				51B8543B2043426D0088AFD0 /* MyTableViewCell.swift in Sources */,
				516F72062043599700453485 /* Department+CoreDataClass.swift in Sources */,
				51B85440204343E20088AFD0 /* DisplayViewController.swift in Sources */,
				516F72052043599700453485 /* Person+CoreDataProperties.swift in Sources */,
			);
			runOnlyForDeploymentPostprocessing = 0;
		};
/* End PBXSourcesBuildPhase section */

/* Begin PBXVariantGroup section */
		51B8542B20433E390088AFD0 /* Main.storyboard */ = {
			isa = PBXVariantGroup;
			children = (
				51B8542C20433E390088AFD0 /* Base */,
			);
			name = Main.storyboard;
			sourceTree = "<group>";
		};
		51B8543020433E390088AFD0 /* LaunchScreen.storyboard */ = {
			isa = PBXVariantGroup;
			children = (
				51B8543120433E390088AFD0 /* Base */,
			);
			name = LaunchScreen.storyboard;
			sourceTree = "<group>";
		};
/* End PBXVariantGroup section */

/* Begin XCBuildConfiguration section */
		51B8543420433E390088AFD0 /* Debug */ = {
			isa = XCBuildConfiguration;
			buildSettings = {
				ALWAYS_SEARCH_USER_PATHS = NO;
				CLANG_ANALYZER_NONNULL = YES;
				CLANG_ANALYZER_NUMBER_OBJECT_CONVERSION = YES_AGGRESSIVE;
				CLANG_CXX_LANGUAGE_STANDARD = "gnu++14";
				CLANG_CXX_LIBRARY = "libc++";
				CLANG_ENABLE_MODULES = YES;
				CLANG_ENABLE_OBJC_ARC = YES;
				CLANG_WARN_BLOCK_CAPTURE_AUTORELEASING = YES;
				CLANG_WARN_BOOL_CONVERSION = YES;
				CLANG_WARN_COMMA = YES;
				CLANG_WARN_CONSTANT_CONVERSION = YES;
				CLANG_WARN_DIRECT_OBJC_ISA_USAGE = YES_ERROR;
				CLANG_WARN_DOCUMENTATION_COMMENTS = YES;
				CLANG_WARN_EMPTY_BODY = YES;
				CLANG_WARN_ENUM_CONVERSION = YES;
				CLANG_WARN_INFINITE_RECURSION = YES;
				CLANG_WARN_INT_CONVERSION = YES;
				CLANG_WARN_NON_LITERAL_NULL_CONVERSION = YES;
				CLANG_WARN_OBJC_LITERAL_CONVERSION = YES;
				CLANG_WARN_OBJC_ROOT_CLASS = YES_ERROR;
				CLANG_WARN_RANGE_LOOP_ANALYSIS = YES;
				CLANG_WARN_STRICT_PROTOTYPES = YES;
				CLANG_WARN_SUSPICIOUS_MOVE = YES;
				CLANG_WARN_UNGUARDED_AVAILABILITY = YES_AGGRESSIVE;
				CLANG_WARN_UNREACHABLE_CODE = YES;
				CLANG_WARN__DUPLICATE_METHOD_MATCH = YES;
				CODE_SIGN_IDENTITY = "iPhone Developer";
				COPY_PHASE_STRIP = NO;
				DEBUG_INFORMATION_FORMAT = dwarf;
				ENABLE_STRICT_OBJC_MSGSEND = YES;
				ENABLE_TESTABILITY = YES;
				GCC_C_LANGUAGE_STANDARD = gnu11;
				GCC_DYNAMIC_NO_PIC = NO;
				GCC_NO_COMMON_BLOCKS = YES;
				GCC_OPTIMIZATION_LEVEL = 0;
				GCC_PREPROCESSOR_DEFINITIONS = (
					"DEBUG=1",
					"$(inherited)",
				);
				GCC_WARN_64_TO_32_BIT_CONVERSION = YES;
				GCC_WARN_ABOUT_RETURN_TYPE = YES_ERROR;
				GCC_WARN_UNDECLARED_SELECTOR = YES;
				GCC_WARN_UNINITIALIZED_AUTOS = YES_AGGRESSIVE;
				GCC_WARN_UNUSED_FUNCTION = YES;
				GCC_WARN_UNUSED_VARIABLE = YES;
				IPHONEOS_DEPLOYMENT_TARGET = 11.2;
				MTL_ENABLE_DEBUG_INFO = YES;
				ONLY_ACTIVE_ARCH = YES;
				SDKROOT = iphoneos;
				SWIFT_ACTIVE_COMPILATION_CONDITIONS = DEBUG;
				SWIFT_OPTIMIZATION_LEVEL = "-Onone";
			};
			name = Debug;
		};
		51B8543520433E390088AFD0 /* Release */ = {
			isa = XCBuildConfiguration;
			buildSettings = {
				ALWAYS_SEARCH_USER_PATHS = NO;
				CLANG_ANALYZER_NONNULL = YES;
				CLANG_ANALYZER_NUMBER_OBJECT_CONVERSION = YES_AGGRESSIVE;
				CLANG_CXX_LANGUAGE_STANDARD = "gnu++14";
				CLANG_CXX_LIBRARY = "libc++";
				CLANG_ENABLE_MODULES = YES;
				CLANG_ENABLE_OBJC_ARC = YES;
				CLANG_WARN_BLOCK_CAPTURE_AUTORELEASING = YES;
				CLANG_WARN_BOOL_CONVERSION = YES;
				CLANG_WARN_COMMA = YES;
				CLANG_WARN_CONSTANT_CONVERSION = YES;
				CLANG_WARN_DIRECT_OBJC_ISA_USAGE = YES_ERROR;
				CLANG_WARN_DOCUMENTATION_COMMENTS = YES;
				CLANG_WARN_EMPTY_BODY = YES;
				CLANG_WARN_ENUM_CONVERSION = YES;
				CLANG_WARN_INFINITE_RECURSION = YES;
				CLANG_WARN_INT_CONVERSION = YES;
				CLANG_WARN_NON_LITERAL_NULL_CONVERSION = YES;
				CLANG_WARN_OBJC_LITERAL_CONVERSION = YES;
				CLANG_WARN_OBJC_ROOT_CLASS = YES_ERROR;
				CLANG_WARN_RANGE_LOOP_ANALYSIS = YES;
				CLANG_WARN_STRICT_PROTOTYPES = YES;
				CLANG_WARN_SUSPICIOUS_MOVE = YES;
				CLANG_WARN_UNGUARDED_AVAILABILITY = YES_AGGRESSIVE;
				CLANG_WARN_UNREACHABLE_CODE = YES;
				CLANG_WARN__DUPLICATE_METHOD_MATCH = YES;
				CODE_SIGN_IDENTITY = "iPhone Developer";
				COPY_PHASE_STRIP = NO;
				DEBUG_INFORMATION_FORMAT = "dwarf-with-dsym";
				ENABLE_NS_ASSERTIONS = NO;
				ENABLE_STRICT_OBJC_MSGSEND = YES;
				GCC_C_LANGUAGE_STANDARD = gnu11;
				GCC_NO_COMMON_BLOCKS = YES;
				GCC_WARN_64_TO_32_BIT_CONVERSION = YES;
				GCC_WARN_ABOUT_RETURN_TYPE = YES_ERROR;
				GCC_WARN_UNDECLARED_SELECTOR = YES;
				GCC_WARN_UNINITIALIZED_AUTOS = YES_AGGRESSIVE;
				GCC_WARN_UNUSED_FUNCTION = YES;
				GCC_WARN_UNUSED_VARIABLE = YES;
				IPHONEOS_DEPLOYMENT_TARGET = 11.2;
				MTL_ENABLE_DEBUG_INFO = NO;
				SDKROOT = iphoneos;
				SWIFT_OPTIMIZATION_LEVEL = "-Owholemodule";
				VALIDATE_PRODUCT = YES;
			};
			name = Release;
		};
		51B8543720433E390088AFD0 /* Debug */ = {
			isa = XCBuildConfiguration;
			buildSettings = {
				ASSETCATALOG_COMPILER_APPICON_NAME = AppIcon;
				CODE_SIGN_STYLE = Automatic;
				DEVELOPMENT_TEAM = R77BD8MPA8;
				INFOPLIST_FILE = FetchingFilteredEmployees/Info.plist;
				LD_RUNPATH_SEARCH_PATHS = "$(inherited) @executable_path/Frameworks";
				PRODUCT_BUNDLE_IDENTIFIER = com.mazharul.huq.FetchingFilteredEmployees;
				PRODUCT_NAME = "$(TARGET_NAME)";
				SWIFT_VERSION = 4.0;
				TARGETED_DEVICE_FAMILY = "1,2";
			};
			name = Debug;
		};
		51B8543820433E390088AFD0 /* Release */ = {
			isa = XCBuildConfiguration;
			buildSettings = {
				ASSETCATALOG_COMPILER_APPICON_NAME = AppIcon;
				CODE_SIGN_STYLE = Automatic;
				DEVELOPMENT_TEAM = R77BD8MPA8;
				INFOPLIST_FILE = FetchingFilteredEmployees/Info.plist;
				LD_RUNPATH_SEARCH_PATHS = "$(inherited) @executable_path/Frameworks";
				PRODUCT_BUNDLE_IDENTIFIER = com.mazharul.huq.FetchingFilteredEmployees;
				PRODUCT_NAME = "$(TARGET_NAME)";
				SWIFT_VERSION = 4.0;
				TARGETED_DEVICE_FAMILY = "1,2";
			};
			name = Release;
		};
/* End XCBuildConfiguration section */

/* Begin XCConfigurationList section */
		51B8541F20433E390088AFD0 /* Build configuration list for PBXProject "FetchingFilteredEmployees" */ = {
			isa = XCConfigurationList;
			buildConfigurations = (
				51B8543420433E390088AFD0 /* Debug */,
				51B8543520433E390088AFD0 /* Release */,
			);
			defaultConfigurationIsVisible = 0;
			defaultConfigurationName = Release;
		};
		51B8543620433E390088AFD0 /* Build configuration list for PBXNativeTarget "FetchingFilteredEmployees" */ = {
			isa = XCConfigurationList;
			buildConfigurations = (
				51B8543720433E390088AFD0 /* Debug */,
				51B8543820433E390088AFD0 /* Release */,
			);
			defaultConfigurationIsVisible = 0;
			defaultConfigurationName = Release;
		};
/* End XCConfigurationList section */

/* Begin XCVersionGroup section */
		516F71F62043592900453485 /* EmployeeList.xcdatamodeld */ = {
			isa = XCVersionGroup;
			children = (
				516F71F72043592900453485 /* EmployeeList.xcdatamodel */,
			);
			currentVersion = 516F71F72043592900453485 /* EmployeeList.xcdatamodel */;
			path = EmployeeList.xcdatamodeld;
			sourceTree = "<group>";
			versionGroupType = wrapper.xcdatamodel;
		};
/* End XCVersionGroup section */
	};
	rootObject = 51B8541C20433E390088AFD0 /* Project object */;
}
